
Microsoft Visual Studio Solution File, Format Version 12.00
# Visual Studio Version 16
VisualStudioVersion = 16.0.31321.278
MinimumVisualStudioVersion = 10.0.40219.1
Project("{FAE04EC0-301F-11D3-BF4B-00C04F79EFBC}") = "CoreCode.API", "CoreCode.API\CoreCode.API.csproj", "{C3B5A98C-1355-4C82-86E7-B94CAA2BB1DD}"
EndProject
Global
	GlobalSection(SolutionConfigurationPlatforms) = preSolution
		Debug|Any CPU = Debug|Any CPU
		Release|Any CPU = Release|Any CPU
	EndGlobalSection
	GlobalSection(ProjectConfigurationPlatforms) = postSolution
		{C3B5A98C-1355-4C82-86E7-B94CAA2BB1DD}.Debug|Any CPU.ActiveCfg = Debug|Any CPU
		{C3B5A98C-1355-4C82-86E7-B94CAA2BB1DD}.Debug|Any CPU.Build.0 = Debug|Any CPU
		{C3B5A98C-1355-4C82-86E7-B94CAA2BB1DD}.Release|Any CPU.ActiveCfg = Release|Any CPU
		{C3B5A98C-1355-4C82-86E7-B94CAA2BB1DD}.Release|Any CPU.Build.0 = Release|Any CPU
	EndGlobalSection
	GlobalSection(SolutionProperties) = preSolution
		HideSolutionNode = FALSE
	EndGlobalSection
	GlobalSection(ExtensibilityGlobals) = postSolution
		SolutionGuid = {205B1AF9-4859-4858-89DD-907961FBCB18}
	EndGlobalSection
EndGlobal
